
Microsoft Visual Studio Solution File, Format Version 12.00
# Visual Studio Version 16
VisualStudioVersion = 16.0.29020.237
MinimumVisualStudioVersion = 10.0.40219.1
Project("{FAE04EC0-301F-11D3-BF4B-00C04F79EFBC}") = "LiveFile", "LiveFile\LiveFile.csproj", "{5DF9467D-E3A2-44BA-9F15-DC2414EF9716}"
EndProject
Global
	GlobalSection(SolutionConfigurationPlatforms) = preSolution
		Debug|Any CPU = Debug|Any CPU
		Release|Any CPU = Release|Any CPU
	EndGlobalSection
	GlobalSection(ProjectConfigurationPlatforms) = postSolution
		{5DF9467D-E3A2-44BA-9F15-DC2414EF9716}.Debug|Any CPU.ActiveCfg = Debug|Any CPU
		{5DF9467D-E3A2-44BA-9F15-DC2414EF9716}.Debug|Any CPU.Build.0 = Debug|Any CPU
		{5DF9467D-E3A2-44BA-9F15-DC2414EF9716}.Release|Any CPU.ActiveCfg = Release|Any CPU
		{5DF9467D-E3A2-44BA-9F15-DC2414EF9716}.Release|Any CPU.Build.0 = Release|Any CPU
	EndGlobalSection
	GlobalSection(SolutionProperties) = preSolution
		HideSolutionNode = FALSE
	EndGlobalSection
	GlobalSection(ExtensibilityGlobals) = postSolution
		SolutionGuid = {70FF560F-F1F2-4DFD-80A4-13F3642AEC0D}
	EndGlobalSection
EndGlobal
